github.com/allegro/bigcache v1.1.0 h1:MLuIKTjdxDc+qsG2rhjsYjsHQC5LUGjIWzutg7M+W68=
github.com/allegro/bigcache v1.1.0/go.mod h1:Cb/ax3seSYIx7SuZdm2G2xzfwmv3TPSk2ucNfQESPXM=
github.com/allegro/bigcache v1.1.1-0.20190116153254-84a0ff3f153c h1:JnxT952szw65TwPg7iz1iYVqEoikvX8mSkSgIhNr0Vo=
github.com/allegro/bigcache v1.1.1-0.20190116153254-84a0ff3f153c/go.mod h1:Cb/ax3seSYIx7SuZdm2G2xzfwmv3TPSk2ucNfQESPXM=
